
Microsoft Visual Studio Solution File, Format Version 12.00
# Visual Studio Version 17
VisualStudioVersion = 17.13.35825.156 d17.13
MinimumVisualStudioVersion = 10.0.40219.1
Project("{FAE04EC0-301F-11D3-BF4B-00C04F79EFBC}") = "HotelAPI", "HotelAPI.csproj", "{CDE01BA4-E2E8-4F1C-AA64-F2AAEE267EC9}"
EndProject
Global
	GlobalSection(SolutionConfigurationPlatforms) = preSolution
		Debug|Any CPU = Debug|Any CPU
		Release|Any CPU = Release|Any CPU
	EndGlobalSection
	GlobalSection(ProjectConfigurationPlatforms) = postSolution
		{CDE01BA4-E2E8-4F1C-AA64-F2AAEE267EC9}.Debug|Any CPU.ActiveCfg = Debug|Any CPU
		{CDE01BA4-E2E8-4F1C-AA64-F2AAEE267EC9}.Debug|Any CPU.Build.0 = Debug|Any CPU
		{CDE01BA4-E2E8-4F1C-AA64-F2AAEE267EC9}.Release|Any CPU.ActiveCfg = Release|Any CPU
		{CDE01BA4-E2E8-4F1C-AA64-F2AAEE267EC9}.Release|Any CPU.Build.0 = Release|Any CPU
	EndGlobalSection
	GlobalSection(SolutionProperties) = preSolution
		HideSolutionNode = FALSE
	EndGlobalSection
	GlobalSection(ExtensibilityGlobals) = postSolution
		SolutionGuid = {E2E07847-0C58-4DB6-B5B5-6AB708FB0328}
	EndGlobalSection
EndGlobal
